
Microsoft Visual Studio Solution File, Format Version 12.00
# Visual Studio Version 17
VisualStudioVersion = 17.1.32210.238
MinimumVisualStudioVersion = 10.0.40219.1
Project("{FAE04EC0-301F-11D3-BF4B-00C04F79EFBC}") = "Amazon_LegendOfZelda", "Amazon_LegendOfZelda\Amazon_LegendOfZelda.csproj", "{AE06B80A-DF45-480F-85B1-FD4885602FAA}"
EndProject
Global
	GlobalSection(SolutionConfigurationPlatforms) = preSolution
		Debug|Any CPU = Debug|Any CPU
		Release|Any CPU = Release|Any CPU
	EndGlobalSection
	GlobalSection(ProjectConfigurationPlatforms) = postSolution
		{AE06B80A-DF45-480F-85B1-FD4885602FAA}.Debug|Any CPU.ActiveCfg = Debug|Any CPU
		{AE06B80A-DF45-480F-85B1-FD4885602FAA}.Debug|Any CPU.Build.0 = Debug|Any CPU
		{AE06B80A-DF45-480F-85B1-FD4885602FAA}.Release|Any CPU.ActiveCfg = Release|Any CPU
		{AE06B80A-DF45-480F-85B1-FD4885602FAA}.Release|Any CPU.Build.0 = Release|Any CPU
	EndGlobalSection
	GlobalSection(SolutionProperties) = preSolution
		HideSolutionNode = FALSE
	EndGlobalSection
	GlobalSection(ExtensibilityGlobals) = postSolution
		SolutionGuid = {FCE3381E-FBA9-4CD3-BE9A-23DB0EFE147D}
	EndGlobalSection
EndGlobal
